
Microsoft Visual Studio Solution File, Format Version 12.00
# Visual Studio 15
VisualStudioVersion = 15.0.27130.2010
MinimumVisualStudioVersion = 10.0.40219.1
Project("{9A19103F-16F7-4668-BE54-9A1E7A4F7556}") = "Xmu.Crms.Shared", "Xmu.Crms.Shared\Xmu.Crms.Shared.csproj", "{07324719-26A7-4BF9-AA20-415971000320}"
EndProject
Project("{9A19103F-16F7-4668-BE54-9A1E7A4F7556}") = "Xmu.Crms.Services.Insomnia", "Xmu.Crms.Services.Insomnia\Xmu.Crms.Services.Insomnia.csproj", "{9FC95330-BC31-4523-A874-49D0CE6ECF7B}"
EndProject
Project("{9A19103F-16F7-4668-BE54-9A1E7A4F7556}") = "Xmu.Crms.Insomnia", "Xmu.Crms.Insomnia\Xmu.Crms.Insomnia.csproj", "{74469B38-2BD3-4B96-8E91-AD093E4FD946}"
EndProject
Project("{9A19103F-16F7-4668-BE54-9A1E7A4F7556}") = "Xmu.Crms.API.Insomnia", "Xmu.Crms.API.Insomnia\Xmu.Crms.API.Insomnia.csproj", "{C946F715-3E86-4EC9-8F69-6D13F60705CF}"
EndProject
Project("{9A19103F-16F7-4668-BE54-9A1E7A4F7556}") = "Xmu.Crms.Insomnia.XUnitTest", "Xmu.Crms.Insomnia.XUnitTest\Xmu.Crms.Insomnia.XUnitTest.csproj", "{9BD81195-3F44-491F-9DC6-FB481202A41F}"
EndProject
Project("{9A19103F-16F7-4668-BE54-9A1E7A4F7556}") = "Xmu.Crms.Services.ViceVersa", "Xmu.Crms.Services.ViceVersa\Xmu.Crms.Services.ViceVersa.csproj", "{EDD04CFD-DD1B-4161-8983-22B33EC3CB3A}"
EndProject
Project("{9A19103F-16F7-4668-BE54-9A1E7A4F7556}") = "Xmu.Crms.Services.HighGrade", "Xmu.Crms.Services.HighGrade\Xmu.Crms.Services.HighGrade.csproj", "{1985BE5E-BACE-4671-A18A-FC04C6EEC3A8}"
EndProject
Global
	GlobalSection(SolutionConfigurationPlatforms) = preSolution
		Debug|Any CPU = Debug|Any CPU
		Release|Any CPU = Release|Any CPU
	EndGlobalSection
	GlobalSection(ProjectConfigurationPlatforms) = postSolution
		{07324719-26A7-4BF9-AA20-415971000320}.Debug|Any CPU.ActiveCfg = Debug|Any CPU
		{07324719-26A7-4BF9-AA20-415971000320}.Debug|Any CPU.Build.0 = Debug|Any CPU
		{07324719-26A7-4BF9-AA20-415971000320}.Release|Any CPU.ActiveCfg = Release|Any CPU
		{07324719-26A7-4BF9-AA20-415971000320}.Release|Any CPU.Build.0 = Release|Any CPU
		{9FC95330-BC31-4523-A874-49D0CE6ECF7B}.Debug|Any CPU.ActiveCfg = Debug|Any CPU
		{9FC95330-BC31-4523-A874-49D0CE6ECF7B}.Debug|Any CPU.Build.0 = Debug|Any CPU
		{9FC95330-BC31-4523-A874-49D0CE6ECF7B}.Release|Any CPU.ActiveCfg = Release|Any CPU
		{9FC95330-BC31-4523-A874-49D0CE6ECF7B}.Release|Any CPU.Build.0 = Release|Any CPU
		{74469B38-2BD3-4B96-8E91-AD093E4FD946}.Debug|Any CPU.ActiveCfg = Debug|Any CPU
		{74469B38-2BD3-4B96-8E91-AD093E4FD946}.Debug|Any CPU.Build.0 = Debug|Any CPU
		{74469B38-2BD3-4B96-8E91-AD093E4FD946}.Release|Any CPU.ActiveCfg = Release|Any CPU
		{74469B38-2BD3-4B96-8E91-AD093E4FD946}.Release|Any CPU.Build.0 = Release|Any CPU
		{C946F715-3E86-4EC9-8F69-6D13F60705CF}.Debug|Any CPU.ActiveCfg = Debug|Any CPU
		{C946F715-3E86-4EC9-8F69-6D13F60705CF}.Debug|Any CPU.Build.0 = Debug|Any CPU
		{C946F715-3E86-4EC9-8F69-6D13F60705CF}.Release|Any CPU.ActiveCfg = Release|Any CPU
		{C946F715-3E86-4EC9-8F69-6D13F60705CF}.Release|Any CPU.Build.0 = Release|Any CPU
		{9BD81195-3F44-491F-9DC6-FB481202A41F}.Debug|Any CPU.ActiveCfg = Debug|Any CPU
		{9BD81195-3F44-491F-9DC6-FB481202A41F}.Debug|Any CPU.Build.0 = Debug|Any CPU
		{9BD81195-3F44-491F-9DC6-FB481202A41F}.Release|Any CPU.ActiveCfg = Release|Any CPU
		{9BD81195-3F44-491F-9DC6-FB481202A41F}.Release|Any CPU.Build.0 = Release|Any CPU
		{EDD04CFD-DD1B-4161-8983-22B33EC3CB3A}.Debug|Any CPU.ActiveCfg = Debug|Any CPU
		{EDD04CFD-DD1B-4161-8983-22B33EC3CB3A}.Debug|Any CPU.Build.0 = Debug|Any CPU
		{EDD04CFD-DD1B-4161-8983-22B33EC3CB3A}.Release|Any CPU.ActiveCfg = Release|Any CPU
		{EDD04CFD-DD1B-4161-8983-22B33EC3CB3A}.Release|Any CPU.Build.0 = Release|Any CPU
		{1985BE5E-BACE-4671-A18A-FC04C6EEC3A8}.Debug|Any CPU.ActiveCfg = Debug|Any CPU
		{1985BE5E-BACE-4671-A18A-FC04C6EEC3A8}.Debug|Any CPU.Build.0 = Debug|Any CPU
		{1985BE5E-BACE-4671-A18A-FC04C6EEC3A8}.Release|Any CPU.ActiveCfg = Release|Any CPU
		{1985BE5E-BACE-4671-A18A-FC04C6EEC3A8}.Release|Any CPU.Build.0 = Release|Any CPU
	EndGlobalSection
	GlobalSection(SolutionProperties) = preSolution
		HideSolutionNode = FALSE
	EndGlobalSection
	GlobalSection(ExtensibilityGlobals) = postSolution
		SolutionGuid = {0726BBED-4C62-4749-8A9D-596214067AA1}
	EndGlobalSection
EndGlobal
